
Microsoft Visual Studio Solution File, Format Version 12.00
# Visual Studio Version 17
VisualStudioVersion = 17.0.31912.275
MinimumVisualStudioVersion = 10.0.40219.1
Project("{2150E333-8FDC-42A3-9474-1A3956D46DE8}") = "Solution items", "Solution items", "{AFCD59B1-85F1-4283-995E-C4E1951348E6}"
	ProjectSection(SolutionItems) = preProject
		.dockerignore = .dockerignore
		.editorconfig = .editorconfig
		.gitignore = .gitignore
		Common.Configurations.targets = Common.Configurations.targets
		Dockerfile = Dockerfile
		main.yml = main.yml
	EndProjectSection
EndProject
Project("{2150E333-8FDC-42A3-9474-1A3956D46DE8}") = "src", "src", "{AD5A445D-BE9D-481F-A707-D959F7F9C0EA}"
EndProject
Project("{9A19103F-16F7-4668-BE54-9A1E7A4F7556}") = "SkillService", "src\SkillService\SkillService.csproj", "{B4F69389-23A6-4EF1-BEFD-B9758CD06F90}"
	ProjectSection(ProjectDependencies) = postProject
		{3DF75FD1-E20B-4F51-B1CE-DDDA19892A00} = {3DF75FD1-E20B-4F51-B1CE-DDDA19892A00}
	EndProjectSection
EndProject
Project("{9A19103F-16F7-4668-BE54-9A1E7A4F7556}") = "SkillService.Models.Dto", "src\SkillService.Models.Dto\SkillService.Models.Dto.csproj", "{9DFA5DA1-3F89-43D0-82AF-67E33B723F47}"
EndProject
Project("{9A19103F-16F7-4668-BE54-9A1E7A4F7556}") = "SkillService.Business", "src\SkillService.Business\SkillService.Business.csproj", "{CF9294AC-36A1-4B38-AA9B-205550770AEE}"
EndProject
Project("{9A19103F-16F7-4668-BE54-9A1E7A4F7556}") = "SkillService.Data", "src\SkillService.Data\SkillService.Data.csproj", "{C65EC0DA-9EF9-4B5A-8B0B-EFFEF491436B}"
	ProjectSection(ProjectDependencies) = postProject
		{9DFA5DA1-3F89-43D0-82AF-67E33B723F47} = {9DFA5DA1-3F89-43D0-82AF-67E33B723F47}
		{E3667CCD-1772-4146-97D5-4C29AA14ECCE} = {E3667CCD-1772-4146-97D5-4C29AA14ECCE}
		{3DF75FD1-E20B-4F51-B1CE-DDDA19892A00} = {3DF75FD1-E20B-4F51-B1CE-DDDA19892A00}
	EndProjectSection
EndProject
Project("{9A19103F-16F7-4668-BE54-9A1E7A4F7556}") = "SkillService.Data.Provider", "src\SkillService.Data.Provider\SkillService.Data.Provider.csproj", "{FBCE9DE0-7A78-4842-B5F1-3576E47683EC}"
EndProject
Project("{9A19103F-16F7-4668-BE54-9A1E7A4F7556}") = "SkillService.Data.Provider.MsSql.Ef", "src\SkillService.Data.Provider.MsSql.Ef\SkillService.Data.Provider.MsSql.Ef.csproj", "{3DF75FD1-E20B-4F51-B1CE-DDDA19892A00}"
EndProject
Project("{9A19103F-16F7-4668-BE54-9A1E7A4F7556}") = "SkillService.Models.Db", "src\SkillService.Models.Db\SkillService.Models.Db.csproj", "{E3667CCD-1772-4146-97D5-4C29AA14ECCE}"
EndProject
Global
	GlobalSection(SolutionConfigurationPlatforms) = preSolution
		Debug|Any CPU = Debug|Any CPU
		Release|Any CPU = Release|Any CPU
	EndGlobalSection
	GlobalSection(ProjectConfigurationPlatforms) = postSolution
		{B4F69389-23A6-4EF1-BEFD-B9758CD06F90}.Debug|Any CPU.ActiveCfg = Debug|Any CPU
		{B4F69389-23A6-4EF1-BEFD-B9758CD06F90}.Debug|Any CPU.Build.0 = Debug|Any CPU
		{B4F69389-23A6-4EF1-BEFD-B9758CD06F90}.Release|Any CPU.ActiveCfg = Release|Any CPU
		{B4F69389-23A6-4EF1-BEFD-B9758CD06F90}.Release|Any CPU.Build.0 = Release|Any CPU
		{9DFA5DA1-3F89-43D0-82AF-67E33B723F47}.Debug|Any CPU.ActiveCfg = Debug|Any CPU
		{9DFA5DA1-3F89-43D0-82AF-67E33B723F47}.Debug|Any CPU.Build.0 = Debug|Any CPU
		{9DFA5DA1-3F89-43D0-82AF-67E33B723F47}.Release|Any CPU.ActiveCfg = Release|Any CPU
		{9DFA5DA1-3F89-43D0-82AF-67E33B723F47}.Release|Any CPU.Build.0 = Release|Any CPU
		{CF9294AC-36A1-4B38-AA9B-205550770AEE}.Debug|Any CPU.ActiveCfg = Debug|Any CPU
		{CF9294AC-36A1-4B38-AA9B-205550770AEE}.Debug|Any CPU.Build.0 = Debug|Any CPU
		{CF9294AC-36A1-4B38-AA9B-205550770AEE}.Release|Any CPU.ActiveCfg = Release|Any CPU
		{CF9294AC-36A1-4B38-AA9B-205550770AEE}.Release|Any CPU.Build.0 = Release|Any CPU
		{C65EC0DA-9EF9-4B5A-8B0B-EFFEF491436B}.Debug|Any CPU.ActiveCfg = Debug|Any CPU
		{C65EC0DA-9EF9-4B5A-8B0B-EFFEF491436B}.Debug|Any CPU.Build.0 = Debug|Any CPU
		{C65EC0DA-9EF9-4B5A-8B0B-EFFEF491436B}.Release|Any CPU.ActiveCfg = Release|Any CPU
		{C65EC0DA-9EF9-4B5A-8B0B-EFFEF491436B}.Release|Any CPU.Build.0 = Release|Any CPU
		{FBCE9DE0-7A78-4842-B5F1-3576E47683EC}.Debug|Any CPU.ActiveCfg = Debug|Any CPU
		{FBCE9DE0-7A78-4842-B5F1-3576E47683EC}.Debug|Any CPU.Build.0 = Debug|Any CPU
		{FBCE9DE0-7A78-4842-B5F1-3576E47683EC}.Release|Any CPU.ActiveCfg = Release|Any CPU
		{FBCE9DE0-7A78-4842-B5F1-3576E47683EC}.Release|Any CPU.Build.0 = Release|Any CPU
		{3DF75FD1-E20B-4F51-B1CE-DDDA19892A00}.Debug|Any CPU.ActiveCfg = Debug|Any CPU
		{3DF75FD1-E20B-4F51-B1CE-DDDA19892A00}.Debug|Any CPU.Build.0 = Debug|Any CPU
		{3DF75FD1-E20B-4F51-B1CE-DDDA19892A00}.Release|Any CPU.ActiveCfg = Release|Any CPU
		{3DF75FD1-E20B-4F51-B1CE-DDDA19892A00}.Release|Any CPU.Build.0 = Release|Any CPU
		{E3667CCD-1772-4146-97D5-4C29AA14ECCE}.Debug|Any CPU.ActiveCfg = Debug|Any CPU
		{E3667CCD-1772-4146-97D5-4C29AA14ECCE}.Debug|Any CPU.Build.0 = Debug|Any CPU
		{E3667CCD-1772-4146-97D5-4C29AA14ECCE}.Release|Any CPU.ActiveCfg = Release|Any CPU
		{E3667CCD-1772-4146-97D5-4C29AA14ECCE}.Release|Any CPU.Build.0 = Release|Any CPU
	EndGlobalSection
	GlobalSection(SolutionProperties) = preSolution
		HideSolutionNode = FALSE
	EndGlobalSection
	GlobalSection(NestedProjects) = preSolution
		{B4F69389-23A6-4EF1-BEFD-B9758CD06F90} = {AD5A445D-BE9D-481F-A707-D959F7F9C0EA}
		{9DFA5DA1-3F89-43D0-82AF-67E33B723F47} = {AD5A445D-BE9D-481F-A707-D959F7F9C0EA}
		{CF9294AC-36A1-4B38-AA9B-205550770AEE} = {AD5A445D-BE9D-481F-A707-D959F7F9C0EA}
		{C65EC0DA-9EF9-4B5A-8B0B-EFFEF491436B} = {AD5A445D-BE9D-481F-A707-D959F7F9C0EA}
		{FBCE9DE0-7A78-4842-B5F1-3576E47683EC} = {AD5A445D-BE9D-481F-A707-D959F7F9C0EA}
		{3DF75FD1-E20B-4F51-B1CE-DDDA19892A00} = {AD5A445D-BE9D-481F-A707-D959F7F9C0EA}
		{E3667CCD-1772-4146-97D5-4C29AA14ECCE} = {AD5A445D-BE9D-481F-A707-D959F7F9C0EA}
	EndGlobalSection
	GlobalSection(ExtensibilityGlobals) = postSolution
		SolutionGuid = {54F0B529-A010-427A-B433-CBA62759C3F9}
	EndGlobalSection
EndGlobal
